<?xml version="1.0" encoding="UTF-8"?>
<CodeBlocks_project_file>
	<FileVersion major="1" minor="6"/>
	<Project>
		<Option title="cpp_indie_studio"/>
		<Option makefile_is_custom="1"/>
		<Option compiler="gcc"/>
		<Option virtualFolders="CMake Files\;CMake Files\cmake\;"/>
		<Build>
			<Target title="all">
				<Option working_dir="/home/terrainwax/Repo/cpp_indie_studio"/>
				<Option type="4"/>
				<MakeCommands>
					<Build command="/usr/bin/make -f &quot;/home/terrainwax/Repo/cpp_indie_studio/Makefile&quot;  VERBOSE=1 all"/>
					<CompileFile command="/usr/bin/make -f &quot;/home/terrainwax/Repo/cpp_indie_studio/Makefile&quot;  VERBOSE=1 &quot;$file&quot;"/>
					<Clean command="/usr/bin/make -f &quot;/home/terrainwax/Repo/cpp_indie_studio/Makefile&quot;  VERBOSE=1 clean"/>
					<DistClean command="/usr/bin/make -f &quot;/home/terrainwax/Repo/cpp_indie_studio/Makefile&quot;  VERBOSE=1 clean"/>
				</MakeCommands>
			</Target>
			<Target title="rebuild_cache">
				<Option working_dir="/home/terrainwax/Repo/cpp_indie_studio"/>
				<Option type="4"/>
				<MakeCommands>
					<Build command="/usr/bin/make -f &quot;/home/terrainwax/Repo/cpp_indie_studio/Makefile&quot;  VERBOSE=1 rebuild_cache"/>
					<CompileFile command="/usr/bin/make -f &quot;/home/terrainwax/Repo/cpp_indie_studio/Makefile&quot;  VERBOSE=1 &quot;$file&quot;"/>
					<Clean command="/usr/bin/make -f &quot;/home/terrainwax/Repo/cpp_indie_studio/Makefile&quot;  VERBOSE=1 clean"/>
					<DistClean command="/usr/bin/make -f &quot;/home/terrainwax/Repo/cpp_indie_studio/Makefile&quot;  VERBOSE=1 clean"/>
				</MakeCommands>
			</Target>
			<Target title="edit_cache">
				<Option working_dir="/home/terrainwax/Repo/cpp_indie_studio"/>
				<Option type="4"/>
				<MakeCommands>
					<Build command="/usr/bin/make -f &quot;/home/terrainwax/Repo/cpp_indie_studio/Makefile&quot;  VERBOSE=1 edit_cache"/>
					<CompileFile command="/usr/bin/make -f &quot;/home/terrainwax/Repo/cpp_indie_studio/Makefile&quot;  VERBOSE=1 &quot;$file&quot;"/>
					<Clean command="/usr/bin/make -f &quot;/home/terrainwax/Repo/cpp_indie_studio/Makefile&quot;  VERBOSE=1 clean"/>
					<DistClean command="/usr/bin/make -f &quot;/home/terrainwax/Repo/cpp_indie_studio/Makefile&quot;  VERBOSE=1 clean"/>
				</MakeCommands>
			</Target>
			<Target title="indie">
				<Option output="/home/terrainwax/Repo/cpp_indie_studio/Binaries/indie" prefix_auto="0" extension_auto="0"/>
				<Option working_dir="/home/terrainwax/Repo/cpp_indie_studio/Binaries"/>
				<Option object_output="./"/>
				<Option type="0"/>
				<Option compiler="gcc"/>
				<Compiler>
					<Add directory="/usr/include/irrlicht"/>
					<Add directory="/home/terrainwax/Repo/cpp_indie_studio/Include"/>
					<Add directory="/home/terrainwax/Repo/cpp_indie_studio/Include/PowerUp"/>
				</Compiler>
				<MakeCommands>
					<Build command="/usr/bin/make -f &quot;/home/terrainwax/Repo/cpp_indie_studio/Makefile&quot;  VERBOSE=1 indie"/>
					<CompileFile command="/usr/bin/make -f &quot;/home/terrainwax/Repo/cpp_indie_studio/Makefile&quot;  VERBOSE=1 &quot;$file&quot;"/>
					<Clean command="/usr/bin/make -f &quot;/home/terrainwax/Repo/cpp_indie_studio/Makefile&quot;  VERBOSE=1 clean"/>
					<DistClean command="/usr/bin/make -f &quot;/home/terrainwax/Repo/cpp_indie_studio/Makefile&quot;  VERBOSE=1 clean"/>
				</MakeCommands>
			</Target>
			<Target title="indie/fast">
				<Option output="/home/terrainwax/Repo/cpp_indie_studio/Binaries/indie" prefix_auto="0" extension_auto="0"/>
				<Option working_dir="/home/terrainwax/Repo/cpp_indie_studio/Binaries"/>
				<Option object_output="./"/>
				<Option type="0"/>
				<Option compiler="gcc"/>
				<Compiler>
					<Add directory="/usr/include/irrlicht"/>
					<Add directory="/home/terrainwax/Repo/cpp_indie_studio/Include"/>
					<Add directory="/home/terrainwax/Repo/cpp_indie_studio/Include/PowerUp"/>
				</Compiler>
				<MakeCommands>
					<Build command="/usr/bin/make -f &quot;/home/terrainwax/Repo/cpp_indie_studio/Makefile&quot;  VERBOSE=1 indie/fast"/>
					<CompileFile command="/usr/bin/make -f &quot;/home/terrainwax/Repo/cpp_indie_studio/Makefile&quot;  VERBOSE=1 &quot;$file&quot;"/>
					<Clean command="/usr/bin/make -f &quot;/home/terrainwax/Repo/cpp_indie_studio/Makefile&quot;  VERBOSE=1 clean"/>
					<DistClean command="/usr/bin/make -f &quot;/home/terrainwax/Repo/cpp_indie_studio/Makefile&quot;  VERBOSE=1 clean"/>
				</MakeCommands>
			</Target>
		</Build>
		<Unit filename="/home/terrainwax/Repo/cpp_indie_studio/Src/ActionManager.cpp">
			<Option target="indie"/>
		</Unit>
		<Unit filename="/home/terrainwax/Repo/cpp_indie_studio/Src/Clock.cpp">
			<Option target="indie"/>
		</Unit>
		<Unit filename="/home/terrainwax/Repo/cpp_indie_studio/Src/GraphicManager.cpp">
			<Option target="indie"/>
		</Unit>
		<Unit filename="/home/terrainwax/Repo/cpp_indie_studio/Src/Main.cpp">
			<Option target="indie"/>
		</Unit>
		<Unit filename="/home/terrainwax/Repo/cpp_indie_studio/Src/Map.cpp">
			<Option target="indie"/>
		</Unit>
		<Unit filename="/home/terrainwax/Repo/cpp_indie_studio/Src/Obj/Cube.cpp">
			<Option target="indie"/>
		</Unit>
		<Unit filename="/home/terrainwax/Repo/cpp_indie_studio/Src/Obj/Sphere.cpp">
			<Option target="indie"/>
		</Unit>
		<Unit filename="/home/terrainwax/Repo/cpp_indie_studio/Src/Player.cpp">
			<Option target="indie"/>
		</Unit>
		<Unit filename="/home/terrainwax/Repo/cpp_indie_studio/Src/PowerUp/APowerUp.cpp">
			<Option target="indie"/>
		</Unit>
		<Unit filename="/home/terrainwax/Repo/cpp_indie_studio/Src/PowerUp/BombUp.cpp">
			<Option target="indie"/>
		</Unit>
		<Unit filename="/home/terrainwax/Repo/cpp_indie_studio/Src/PowerUp/FireUp.cpp">
			<Option target="indie"/>
		</Unit>
		<Unit filename="/home/terrainwax/Repo/cpp_indie_studio/Src/PowerUp/PowerUpFactory.cpp">
			<Option target="indie"/>
		</Unit>
		<Unit filename="/home/terrainwax/Repo/cpp_indie_studio/Src/PowerUp/SpeedUp.cpp">
			<Option target="indie"/>
		</Unit>
		<Unit filename="/home/terrainwax/Repo/cpp_indie_studio/Src/PowerUp/WallPass.cpp">
			<Option target="indie"/>
		</Unit>
		<Unit filename="/home/terrainwax/Repo/cpp_indie_studio/CMakeLists.txt">
			<Option virtualFolder="CMake Files\"/>
		</Unit>
		<Unit filename="/home/terrainwax/Repo/cpp_indie_studio/cmake/FindIrrlicht.cmake">
			<Option virtualFolder="CMake Files\cmake\"/>
		</Unit>
	</Project>
</CodeBlocks_project_file>
